// !$*UTF8*$!
{
	archiveVersion = 1;
	classes = {
	};
	objectVersion = 77;
	objects = {

/* Begin PBXBuildFile section */
		C29E2A342D11BB2E0097CCB6 /* CardView.swift in Sources */ = {isa = PBXBuildFile; fileRef = C29E2A312D11BB2E0097CCB6 /* CardView.swift */; };
		C29E2A352D11BB2E0097CCB6 /* HobbyCardApp.swift in Sources */ = {isa = PBXBuildFile; fileRef = C29E2A322D11BB2E0097CCB6 /* HobbyCardApp.swift */; };
		C29E2A362D11BB2E0097CCB6 /* Preview Assets.xcassets in Resources */ = {isa = PBXBuildFile; fileRef = C29E2A2E2D11BB2E0097CCB6 /* Preview Assets.xcassets */; };
		C29E2A372D11BB2E0097CCB6 /* Assets.xcassets in Resources */ = {isa = PBXBuildFile; fileRef = C29E2A302D11BB2E0097CCB6 /* Assets.xcassets */; };
		C29E2A3C2D11BBAF0097CCB6 /* Player.swift in Sources */ = {isa = PBXBuildFile; fileRef = C29E2A3B2D11BBAF0097CCB6 /* Player.swift */; };
		C29E2A3E2D11BC370097CCB6 /* CardTabView.swift in Sources */ = {isa = PBXBuildFile; fileRef = C29E2A3D2D11BC370097CCB6 /* CardTabView.swift */; };
		C29E2A412D11BCB10097CCB6 /* Heptagon.swift in Sources */ = {isa = PBXBuildFile; fileRef = C29E2A402D11BCB10097CCB6 /* Heptagon.swift */; };
		C29E2A432D1209ED0097CCB6 /* Pentagon.swift in Sources */ = {isa = PBXBuildFile; fileRef = C29E2A422D1209ED0097CCB6 /* Pentagon.swift */; };
/* End PBXBuildFile section */

/* Begin PBXFileReference section */
		C29E2A1D2D11BB0F0097CCB6 /* HobbyCard.app */ = {isa = PBXFileReference; explicitFileType = wrapper.application; includeInIndex = 0; path = HobbyCard.app; sourceTree = BUILT_PRODUCTS_DIR; };
		C29E2A2E2D11BB2E0097CCB6 /* Preview Assets.xcassets */ = {isa = PBXFileReference; lastKnownFileType = folder.assetcatalog; path = "Preview Assets.xcassets"; sourceTree = "<group>"; };
		C29E2A302D11BB2E0097CCB6 /* Assets.xcassets */ = {isa = PBXFileReference; lastKnownFileType = folder.assetcatalog; path = Assets.xcassets; sourceTree = "<group>"; };
		C29E2A312D11BB2E0097CCB6 /* CardView.swift */ = {isa = PBXFileReference; lastKnownFileType = sourcecode.swift; path = CardView.swift; sourceTree = "<group>"; };
		C29E2A322D11BB2E0097CCB6 /* HobbyCardApp.swift */ = {isa = PBXFileReference; lastKnownFileType = sourcecode.swift; path = HobbyCardApp.swift; sourceTree = "<group>"; };
		C29E2A3B2D11BBAF0097CCB6 /* Player.swift */ = {isa = PBXFileReference; lastKnownFileType = sourcecode.swift; path = Player.swift; sourceTree = "<group>"; };
		C29E2A3D2D11BC370097CCB6 /* CardTabView.swift */ = {isa = PBXFileReference; lastKnownFileType = sourcecode.swift; path = CardTabView.swift; sourceTree = "<group>"; };
		C29E2A402D11BCB10097CCB6 /* Heptagon.swift */ = {isa = PBXFileReference; lastKnownFileType = sourcecode.swift; path = Heptagon.swift; sourceTree = "<group>"; };
		C29E2A422D1209ED0097CCB6 /* Pentagon.swift */ = {isa = PBXFileReference; lastKnownFileType = sourcecode.swift; path = Pentagon.swift; sourceTree = "<group>"; };
/* End PBXFileReference section */

/* Begin PBXFrameworksBuildPhase section */
		C29E2A1A2D11BB0F0097CCB6 /* Frameworks */ = {
			isa = PBXFrameworksBuildPhase;
			buildActionMask = 2147483647;
			files = (
			);
			runOnlyForDeploymentPostprocessing = 0;
		};
/* End PBXFrameworksBuildPhase section */

/* Begin PBXGroup section */
		C29E2A142D11BB0F0097CCB6 = {
			isa = PBXGroup;
			children = (
				C29E2A332D11BB2E0097CCB6 /* HobbyCard */,
				C29E2A1E2D11BB0F0097CCB6 /* Products */,
			);
			sourceTree = "<group>";
		};
		C29E2A1E2D11BB0F0097CCB6 /* Products */ = {
			isa = PBXGroup;
			children = (
				C29E2A1D2D11BB0F0097CCB6 /* HobbyCard.app */,
			);
			name = Products;
			sourceTree = "<group>";
		};
		C29E2A2F2D11BB2E0097CCB6 /* Preview Content */ = {
			isa = PBXGroup;
			children = (
				C29E2A2E2D11BB2E0097CCB6 /* Preview Assets.xcassets */,
			);
			path = "Preview Content";
			sourceTree = "<group>";
		};
		C29E2A332D11BB2E0097CCB6 /* HobbyCard */ = {
			isa = PBXGroup;
			children = (
				C29E2A322D11BB2E0097CCB6 /* HobbyCardApp.swift */,
				C29E2A3F2D11BC760097CCB6 /* Shape */,
				C29E2A3A2D11BB830097CCB6 /* Model */,
				C29E2A392D11BB530097CCB6 /* Views */,
				C29E2A2F2D11BB2E0097CCB6 /* Preview Content */,
				C29E2A302D11BB2E0097CCB6 /* Assets.xcassets */,
			);
			path = HobbyCard;
			sourceTree = "<group>";
		};
		C29E2A392D11BB530097CCB6 /* Views */ = {
			isa = PBXGroup;
			children = (
				C29E2A312D11BB2E0097CCB6 /* CardView.swift */,
				C29E2A3D2D11BC370097CCB6 /* CardTabView.swift */,
			);
			path = Views;
			sourceTree = "<group>";
		};
		C29E2A3A2D11BB830097CCB6 /* Model */ = {
			isa = PBXGroup;
			children = (
				C29E2A3B2D11BBAF0097CCB6 /* Player.swift */,
			);
			path = Model;
			sourceTree = "<group>";
		};
		C29E2A3F2D11BC760097CCB6 /* Shape */ = {
			isa = PBXGroup;
			children = (
				C29E2A402D11BCB10097CCB6 /* Heptagon.swift */,
				C29E2A422D1209ED0097CCB6 /* Pentagon.swift */,
			);
			path = Shape;
			sourceTree = "<group>";
		};
/* End PBXGroup section */

/* Begin PBXNativeTarget section */
		C29E2A1C2D11BB0F0097CCB6 /* HobbyCard */ = {
			isa = PBXNativeTarget;
			buildConfigurationList = C29E2A2B2D11BB100097CCB6 /* Build configuration list for PBXNativeTarget "HobbyCard" */;
			buildPhases = (
				C29E2A192D11BB0F0097CCB6 /* Sources */,
				C29E2A1A2D11BB0F0097CCB6 /* Frameworks */,
				C29E2A1B2D11BB0F0097CCB6 /* Resources */,
			);
			buildRules = (
			);
			dependencies = (
			);
			name = HobbyCard;
			packageProductDependencies = (
			);
			productName = HobbyCard;
			productReference = C29E2A1D2D11BB0F0097CCB6 /* HobbyCard.app */;
			productType = "com.apple.product-type.application";
		};
/* End PBXNativeTarget section */

/* Begin PBXProject section */
		C29E2A152D11BB0F0097CCB6 /* Project object */ = {
			isa = PBXProject;
			attributes = {
				BuildIndependentTargetsInParallel = 1;
				LastSwiftUpdateCheck = 1600;
				LastUpgradeCheck = 1600;
				TargetAttributes = {
					C29E2A1C2D11BB0F0097CCB6 = {
						CreatedOnToolsVersion = 16.0;
					};
				};
			};
			buildConfigurationList = C29E2A182D11BB0F0097CCB6 /* Build configuration list for PBXProject "HobbyCard" */;
			developmentRegion = en;
			hasScannedForEncodings = 0;
			knownRegions = (
				en,
				Base,
			);
			mainGroup = C29E2A142D11BB0F0097CCB6;
			minimizedProjectReferenceProxies = 1;
			preferredProjectObjectVersion = 77;
			productRefGroup = C29E2A1E2D11BB0F0097CCB6 /* Products */;
			projectDirPath = "";
			projectRoot = "";
			targets = (
				C29E2A1C2D11BB0F0097CCB6 /* HobbyCard */,
			);
		};
/* End PBXProject section */

/* Begin PBXResourcesBuildPhase section */
		C29E2A1B2D11BB0F0097CCB6 /* Resources */ = {
			isa = PBXResourcesBuildPhase;
			buildActionMask = 2147483647;
			files = (
				C29E2A362D11BB2E0097CCB6 /* Preview Assets.xcassets in Resources */,
				C29E2A372D11BB2E0097CCB6 /* Assets.xcassets in Resources */,
			);
			runOnlyForDeploymentPostprocessing = 0;
		};
/* End PBXResourcesBuildPhase section */

/* Begin PBXSourcesBuildPhase section */
		C29E2A192D11BB0F0097CCB6 /* Sources */ = {
			isa = PBXSourcesBuildPhase;
			buildActionMask = 2147483647;
			files = (
				C29E2A3E2D11BC370097CCB6 /* CardTabView.swift in Sources */,
				C29E2A432D1209ED0097CCB6 /* Pentagon.swift in Sources */,
				C29E2A342D11BB2E0097CCB6 /* CardView.swift in Sources */,
				C29E2A352D11BB2E0097CCB6 /* HobbyCardApp.swift in Sources */,
				C29E2A412D11BCB10097CCB6 /* Heptagon.swift in Sources */,
				C29E2A3C2D11BBAF0097CCB6 /* Player.swift in Sources */,
			);
			runOnlyForDeploymentPostprocessing = 0;
		};
/* End PBXSourcesBuildPhase section */

/* Begin XCBuildConfiguration section */
		C29E2A292D11BB100097CCB6 /* Debug */ = {
			isa = XCBuildConfiguration;
			buildSettings = {
				ALWAYS_SEARCH_USER_PATHS = NO;
				ASSETCATALOG_COMPILER_GENERATE_SWIFT_ASSET_SYMBOL_EXTENSIONS = YES;
				CLANG_ANALYZER_NONNULL = YES;
				CLANG_ANALYZER_NUMBER_OBJECT_CONVERSION = YES_AGGRESSIVE;
				CLANG_CXX_LANGUAGE_STANDARD = "gnu++20";
				CLANG_ENABLE_MODULES = YES;
				CLANG_ENABLE_OBJC_ARC = YES;
				CLANG_ENABLE_OBJC_WEAK = YES;
				CLANG_WARN_BLOCK_CAPTURE_AUTORELEASING = YES;
				CLANG_WARN_BOOL_CONVERSION = YES;
				CLANG_WARN_COMMA = YES;
				CLANG_WARN_CONSTANT_CONVERSION = YES;
				CLANG_WARN_DEPRECATED_OBJC_IMPLEMENTATIONS = YES;
				CLANG_WARN_DIRECT_OBJC_ISA_USAGE = YES_ERROR;
				CLANG_WARN_DOCUMENTATION_COMMENTS = YES;
				CLANG_WARN_EMPTY_BODY = YES;
				CLANG_WARN_ENUM_CONVERSION = YES;
				CLANG_WARN_INFINITE_RECURSION = YES;
				CLANG_WARN_INT_CONVERSION = YES;
				CLANG_WARN_NON_LITERAL_NULL_CONVERSION = YES;
				CLANG_WARN_OBJC_IMPLICIT_RETAIN_SELF = YES;
				CLANG_WARN_OBJC_LITERAL_CONVERSION = YES;
				CLANG_WARN_OBJC_ROOT_CLASS = YES_ERROR;
				CLANG_WARN_QUOTED_INCLUDE_IN_FRAMEWORK_HEADER = YES;
				CLANG_WARN_RANGE_LOOP_ANALYSIS = YES;
				CLANG_WARN_STRICT_PROTOTYPES = YES;
				CLANG_WARN_SUSPICIOUS_MOVE = YES;
				CLANG_WARN_UNGUARDED_AVAILABILITY = YES_AGGRESSIVE;
				CLANG_WARN_UNREACHABLE_CODE = YES;
				CLANG_WARN__DUPLICATE_METHOD_MATCH = YES;
				COPY_PHASE_STRIP = NO;
				DEBUG_INFORMATION_FORMAT = dwarf;
				ENABLE_STRICT_OBJC_MSGSEND = YES;
				ENABLE_TESTABILITY = YES;
				ENABLE_USER_SCRIPT_SANDBOXING = YES;
				GCC_C_LANGUAGE_STANDARD = gnu17;
				GCC_DYNAMIC_NO_PIC = NO;
				GCC_NO_COMMON_BLOCKS = YES;
				GCC_OPTIMIZATION_LEVEL = 0;
				GCC_PREPROCESSOR_DEFINITIONS = (
					"DEBUG=1",
					"$(inherited)",
				);
				GCC_WARN_64_TO_32_BIT_CONVERSION = YES;
				GCC_WARN_ABOUT_RETURN_TYPE = YES_ERROR;
				GCC_WARN_UNDECLARED_SELECTOR = YES;
				GCC_WARN_UNINITIALIZED_AUTOS = YES_AGGRESSIVE;
				GCC_WARN_UNUSED_FUNCTION = YES;
				GCC_WARN_UNUSED_VARIABLE = YES;
				IPHONEOS_DEPLOYMENT_TARGET = 18.0;
				LOCALIZATION_PREFERS_STRING_CATALOGS = YES;
				MTL_ENABLE_DEBUG_INFO = INCLUDE_SOURCE;
				MTL_FAST_MATH = YES;
				ONLY_ACTIVE_ARCH = YES;
				SDKROOT = iphoneos;
				SWIFT_ACTIVE_COMPILATION_CONDITIONS = "DEBUG $(inherited)";
				SWIFT_OPTIMIZATION_LEVEL = "-Onone";
			};
			name = Debug;
		};
		C29E2A2A2D11BB100097CCB6 /* Release */ = {
			isa = XCBuildConfiguration;
			buildSettings = {
				ALWAYS_SEARCH_USER_PATHS = NO;
				ASSETCATALOG_COMPILER_GENERATE_SWIFT_ASSET_SYMBOL_EXTENSIONS = YES;
				CLANG_ANALYZER_NONNULL = YES;
				CLANG_ANALYZER_NUMBER_OBJECT_CONVERSION = YES_AGGRESSIVE;
				CLANG_CXX_LANGUAGE_STANDARD = "gnu++20";
				CLANG_ENABLE_MODULES = YES;
				CLANG_ENABLE_OBJC_ARC = YES;
				CLANG_ENABLE_OBJC_WEAK = YES;
				CLANG_WARN_BLOCK_CAPTURE_AUTORELEASING = YES;
				CLANG_WARN_BOOL_CONVERSION = YES;
				CLANG_WARN_COMMA = YES;
				CLANG_WARN_CONSTANT_CONVERSION = YES;
				CLANG_WARN_DEPRECATED_OBJC_IMPLEMENTATIONS = YES;
				CLANG_WARN_DIRECT_OBJC_ISA_USAGE = YES_ERROR;
				CLANG_WARN_DOCUMENTATION_COMMENTS = YES;
				CLANG_WARN_EMPTY_BODY = YES;
				CLANG_WARN_ENUM_CONVERSION = YES;
				CLANG_WARN_INFINITE_RECURSION = YES;
				CLANG_WARN_INT_CONVERSION = YES;
				CLANG_WARN_NON_LITERAL_NULL_CONVERSION = YES;
				CLANG_WARN_OBJC_IMPLICIT_RETAIN_SELF = YES;
				CLANG_WARN_OBJC_LITERAL_CONVERSION = YES;
				CLANG_WARN_OBJC_ROOT_CLASS = YES_ERROR;
				CLANG_WARN_QUOTED_INCLUDE_IN_FRAMEWORK_HEADER = YES;
				CLANG_WARN_RANGE_LOOP_ANALYSIS = YES;
				CLANG_WARN_STRICT_PROTOTYPES = YES;
				CLANG_WARN_SUSPICIOUS_MOVE = YES;
				CLANG_WARN_UNGUARDED_AVAILABILITY = YES_AGGRESSIVE;
				CLANG_WARN_UNREACHABLE_CODE = YES;
				CLANG_WARN__DUPLICATE_METHOD_MATCH = YES;
				COPY_PHASE_STRIP = NO;
				DEBUG_INFORMATION_FORMAT = "dwarf-with-dsym";
				ENABLE_NS_ASSERTIONS = NO;
				ENABLE_STRICT_OBJC_MSGSEND = YES;
				ENABLE_USER_SCRIPT_SANDBOXING = YES;
				GCC_C_LANGUAGE_STANDARD = gnu17;
				GCC_NO_COMMON_BLOCKS = YES;
				GCC_WARN_64_TO_32_BIT_CONVERSION = YES;
				GCC_WARN_ABOUT_RETURN_TYPE = YES_ERROR;
				GCC_WARN_UNDECLARED_SELECTOR = YES;
				GCC_WARN_UNINITIALIZED_AUTOS = YES_AGGRESSIVE;
				GCC_WARN_UNUSED_FUNCTION = YES;
				GCC_WARN_UNUSED_VARIABLE = YES;
				IPHONEOS_DEPLOYMENT_TARGET = 18.0;
				LOCALIZATION_PREFERS_STRING_CATALOGS = YES;
				MTL_ENABLE_DEBUG_INFO = NO;
				MTL_FAST_MATH = YES;
				SDKROOT = iphoneos;
				SWIFT_COMPILATION_MODE = wholemodule;
				VALIDATE_PRODUCT = YES;
			};
			name = Release;
		};
		C29E2A2C2D11BB100097CCB6 /* Debug */ = {
			isa = XCBuildConfiguration;
			buildSettings = {
				ASSETCATALOG_COMPILER_APPICON_NAME = AppIcon;
				ASSETCATALOG_COMPILER_GLOBAL_ACCENT_COLOR_NAME = AccentColor;
				CODE_SIGN_STYLE = Automatic;
				CURRENT_PROJECT_VERSION = 1;
				DEVELOPMENT_ASSET_PATHS = "\"HobbyCard/Preview Content\"";
				DEVELOPMENT_TEAM = 4UG443984D;
				ENABLE_PREVIEWS = YES;
				GENERATE_INFOPLIST_FILE = YES;
				INFOPLIST_KEY_UIApplicationSceneManifest_Generation = YES;
				INFOPLIST_KEY_UIApplicationSupportsIndirectInputEvents = YES;
				INFOPLIST_KEY_UILaunchScreen_Generation = YES;
				INFOPLIST_KEY_UISupportedInterfaceOrientations_iPad = "UIInterfaceOrientationPortrait UIInterfaceOrientationPortraitUpsideDown UIInterfaceOrientationLandscapeLeft UIInterfaceOrientationLandscapeRight";
				INFOPLIST_KEY_UISupportedInterfaceOrientations_iPhone = "UIInterfaceOrientationPortrait UIInterfaceOrientationLandscapeLeft UIInterfaceOrientationLandscapeRight";
				LD_RUNPATH_SEARCH_PATHS = (
					"$(inherited)",
					"@executable_path/Frameworks",
				);
				MARKETING_VERSION = 1.0;
				PRODUCT_BUNDLE_IDENTIFIER = ca.nicholashwang.HobbyCard;
				PRODUCT_NAME = "$(TARGET_NAME)";
				SWIFT_EMIT_LOC_STRINGS = YES;
				SWIFT_VERSION = 5.0;
				TARGETED_DEVICE_FAMILY = "1,2";
			};
			name = Debug;
		};
		C29E2A2D2D11BB100097CCB6 /* Release */ = {
			isa = XCBuildConfiguration;
			buildSettings = {
				ASSETCATALOG_COMPILER_APPICON_NAME = AppIcon;
				ASSETCATALOG_COMPILER_GLOBAL_ACCENT_COLOR_NAME = AccentColor;
				CODE_SIGN_STYLE = Automatic;
				CURRENT_PROJECT_VERSION = 1;
				DEVELOPMENT_ASSET_PATHS = "\"HobbyCard/Preview Content\"";
				DEVELOPMENT_TEAM = 4UG443984D;
				ENABLE_PREVIEWS = YES;
				GENERATE_INFOPLIST_FILE = YES;
				INFOPLIST_KEY_UIApplicationSceneManifest_Generation = YES;
				INFOPLIST_KEY_UIApplicationSupportsIndirectInputEvents = YES;
				INFOPLIST_KEY_UILaunchScreen_Generation = YES;
				INFOPLIST_KEY_UISupportedInterfaceOrientations_iPad = "UIInterfaceOrientationPortrait UIInterfaceOrientationPortraitUpsideDown UIInterfaceOrientationLandscapeLeft UIInterfaceOrientationLandscapeRight";
				INFOPLIST_KEY_UISupportedInterfaceOrientations_iPhone = "UIInterfaceOrientationPortrait UIInterfaceOrientationLandscapeLeft UIInterfaceOrientationLandscapeRight";
				LD_RUNPATH_SEARCH_PATHS = (
					"$(inherited)",
					"@executable_path/Frameworks",
				);
				MARKETING_VERSION = 1.0;
				PRODUCT_BUNDLE_IDENTIFIER = ca.nicholashwang.HobbyCard;
				PRODUCT_NAME = "$(TARGET_NAME)";
				SWIFT_EMIT_LOC_STRINGS = YES;
				SWIFT_VERSION = 5.0;
				TARGETED_DEVICE_FAMILY = "1,2";
			};
			name = Release;
		};
/* End XCBuildConfiguration section */

/* Begin XCConfigurationList section */
		C29E2A182D11BB0F0097CCB6 /* Build configuration list for PBXProject "HobbyCard" */ = {
			isa = XCConfigurationList;
			buildConfigurations = (
				C29E2A292D11BB100097CCB6 /* Debug */,
				C29E2A2A2D11BB100097CCB6 /* Release */,
			);
			defaultConfigurationIsVisible = 0;
			defaultConfigurationName = Release;
		};
		C29E2A2B2D11BB100097CCB6 /* Build configuration list for PBXNativeTarget "HobbyCard" */ = {
			isa = XCConfigurationList;
			buildConfigurations = (
				C29E2A2C2D11BB100097CCB6 /* Debug */,
				C29E2A2D2D11BB100097CCB6 /* Release */,
			);
			defaultConfigurationIsVisible = 0;
			defaultConfigurationName = Release;
		};
/* End XCConfigurationList section */
	};
	rootObject = C29E2A152D11BB0F0097CCB6 /* Project object */;
}
